// !$*UTF8*$!
{
	archiveVersion = 1;
	classes = {
	};
	objectVersion = 77;
	objects = {

/* Begin PBXBuildFile section */
		CE6A59DB2EFACE5F00F35488 /* Maximalism.mp3 in Resources */ = {isa = PBXBuildFile; fileRef = CE6A59BB2EFACE5F00F35488 /* Maximalism.mp3 */; };
		CE6A59DC2EFACE5F00F35488 /* cinzel_bold.ttf in Resources */ = {isa = PBXBuildFile; fileRef = CE6A59B92EFACE5F00F35488 /* cinzel_bold.ttf */; };
		CE6A59DD2EFACE5F00F35488 /* klick.wav in Resources */ = {isa = PBXBuildFile; fileRef = CE6A59BA2EFACE5F00F35488 /* klick.wav */; };
		CE6A59DE2EFACE5F00F35488 /* Assets.xcassets in Resources */ = {isa = PBXBuildFile; fileRef = CE6A59B82EFACE5F00F35488 /* Assets.xcassets */; };
		CE6A59DF2EFACE5F00F35488 /* BridgeContextParserTaskParser.swift in Sources */ = {isa = PBXBuildFile; fileRef = CE6A59BD2EFACE5F00F35488 /* BridgeContextParserTaskParser.swift */; };
		CE6A59E02EFACE5F00F35488 /* CachePolicyUpdater.swift in Sources */ = {isa = PBXBuildFile; fileRef = CE6A59BE2EFACE5F00F35488 /* CachePolicyUpdater.swift */; };
		CE6A59E12EFACE5F00F35488 /* HandlerFactoryPresenterActionListener.swift in Sources */ = {isa = PBXBuildFile; fileRef = CE6A59C12EFACE5F00F35488 /* HandlerFactoryPresenterActionListener.swift */; };
		CE6A59E22EFACE5F00F35488 /* ManagerQueueLoaderCache.swift in Sources */ = {isa = PBXBuildFile; fileRef = CE6A59D72EFACE5F00F35488 /* ManagerQueueLoaderCache.swift */; };
		CE6A59E32EFACE5F00F35488 /* ControllerServiceParser.swift in Sources */ = {isa = PBXBuildFile; fileRef = CE6A59BF2EFACE5F00F35488 /* ControllerServiceParser.swift */; };
		CE6A59E42EFACE5F00F35488 /* HelperFactoryConverterSession.swift in Sources */ = {isa = PBXBuildFile; fileRef = CE6A59D42EFACE5F00F35488 /* HelperFactoryConverterSession.swift */; };
		CE6A59E52EFACE5F00F35488 /* InteractorExecutorQueueSaver.swift in Sources */ = {isa = PBXBuildFile; fileRef = CE6A59C62EFACE5F00F35488 /* InteractorExecutorQueueSaver.swift */; };
		CE6A59E62EFACE5F00F35488 /* GeneratorFactoryReaderPresenter.swift in Sources */ = {isa = PBXBuildFile; fileRef = CE6A59C02EFACE5F00F35488 /* GeneratorFactoryReaderPresenter.swift */; };
		CE6A59E72EFACE5F00F35488 /* StoreManagerManager.swift in Sources */ = {isa = PBXBuildFile; fileRef = CE6A59C72EFACE5F00F35488 /* StoreManagerManager.swift */; };
		CE6A59E82EFACE5F00F35488 /* ActionStrategyConverter.swift in Sources */ = {isa = PBXBuildFile; fileRef = CE6A59C52EFACE5F00F35488 /* ActionStrategyConverter.swift */; };
		CE6A59E92EFACE5F00F35488 /* SaverConnectorMapperBridge.swift in Sources */ = {isa = PBXBuildFile; fileRef = CE6A59D02EFACE5F00F35488 /* SaverConnectorMapperBridge.swift */; };
		CE6A59EA2EFACE5F00F35488 /* UpdaterProcessorEngineGenerator.swift in Sources */ = {isa = PBXBuildFile; fileRef = CE6A59D12EFACE5F00F35488 /* UpdaterProcessorEngineGenerator.swift */; };
		CE6A59EB2EFACE5F00F35488 /* ValidatorFactoryCoordinatorDelegate.swift in Sources */ = {isa = PBXBuildFile; fileRef = CE6A59D82EFACE5F00F35488 /* ValidatorFactoryCoordinatorDelegate.swift */; };
		CE6A59EC2EFACE5F00F35488 /* UpdaterSaverMapperView.swift in Sources */ = {isa = PBXBuildFile; fileRef = CE6A59D22EFACE5F00F35488 /* UpdaterSaverMapperView.swift */; };
		CE6A59ED2EFACE5F00F35488 /* RegistryStrategyObserverRunnerInteractor.swift in Sources */ = {isa = PBXBuildFile; fileRef = CE6A59CA2EFACE5F00F35488 /* RegistryStrategyObserverRunnerInteractor.swift */; };
		CE6A59EE2EFACE5F00F35488 /* ListenerResolverManager.swift in Sources */ = {isa = PBXBuildFile; fileRef = CE6A59C22EFACE5F00F35488 /* ListenerResolverManager.swift */; };
		CE6A59EF2EFACE5F00F35488 /* AdapterRepositoryServiceManager.swift in Sources */ = {isa = PBXBuildFile; fileRef = CE6A59D62EFACE5F00F35488 /* AdapterRepositoryServiceManager.swift */; };
		CE6A59F02EFACE5F00F35488 /* StrategyExecutorInteractorManagerChecker.swift in Sources */ = {isa = PBXBuildFile; fileRef = CE6A59C82EFACE5F00F35488 /* StrategyExecutorInteractorManagerChecker.swift */; };
		CE6A59F12EFACE5F00F35488 /* ResolverLoaderPolicyGeneratorAdapter.swift in Sources */ = {isa = PBXBuildFile; fileRef = CE6A59CE2EFACE5F00F35488 /* ResolverLoaderPolicyGeneratorAdapter.swift */; };
		CE6A59F22EFACE5F00F35488 /* BridgeResolverExecutorValidator.swift in Sources */ = {isa = PBXBuildFile; fileRef = CE6A59CC2EFACE5F00F35488 /* BridgeResolverExecutorValidator.swift */; };
		CE6A59F32EFACE5F00F35488 /* LoaderMapperCoordinatorEngine.swift in Sources */ = {isa = PBXBuildFile; fileRef = CE6A59C32EFACE5F00F35488 /* LoaderMapperCoordinatorEngine.swift */; };
		CE7115A62E6F181600BFCB5A /* LaunchScreen.storyboard in Resources */ = {isa = PBXBuildFile; fileRef = CE7115A52E6F181600BFCB5A /* LaunchScreen.storyboard */; };
/* End PBXBuildFile section */

/* Begin PBXCopyFilesBuildPhase section */
		CE71156C2E6F168000BFCB5A /* Embed Foundation Extensions */ = {
			isa = PBXCopyFilesBuildPhase;
			buildActionMask = 2147483647;
			dstPath = "";
			dstSubfolderSpec = 13;
			files = (
			);
			name = "Embed Foundation Extensions";
			runOnlyForDeploymentPostprocessing = 0;
		};
/* End PBXCopyFilesBuildPhase section */

/* Begin PBXFileReference section */
		CE6A59B82EFACE5F00F35488 /* Assets.xcassets */ = {isa = PBXFileReference; lastKnownFileType = folder.assetcatalog; path = Assets.xcassets; sourceTree = "<group>"; };
		CE6A59B92EFACE5F00F35488 /* cinzel_bold.ttf */ = {isa = PBXFileReference; lastKnownFileType = file; path = cinzel_bold.ttf; sourceTree = "<group>"; };
		CE6A59BA2EFACE5F00F35488 /* klick.wav */ = {isa = PBXFileReference; lastKnownFileType = audio.wav; path = klick.wav; sourceTree = "<group>"; };
		CE6A59BB2EFACE5F00F35488 /* Maximalism.mp3 */ = {isa = PBXFileReference; lastKnownFileType = audio.mp3; path = Maximalism.mp3; sourceTree = "<group>"; };
		CE6A59BD2EFACE5F00F35488 /* BridgeContextParserTaskParser.swift */ = {isa = PBXFileReference; lastKnownFileType = sourcecode.swift; path = BridgeContextParserTaskParser.swift; sourceTree = "<group>"; };
		CE6A59BE2EFACE5F00F35488 /* CachePolicyUpdater.swift */ = {isa = PBXFileReference; lastKnownFileType = sourcecode.swift; path = CachePolicyUpdater.swift; sourceTree = "<group>"; };
		CE6A59BF2EFACE5F00F35488 /* ControllerServiceParser.swift */ = {isa = PBXFileReference; lastKnownFileType = sourcecode.swift; path = ControllerServiceParser.swift; sourceTree = "<group>"; };
		CE6A59C02EFACE5F00F35488 /* GeneratorFactoryReaderPresenter.swift */ = {isa = PBXFileReference; lastKnownFileType = sourcecode.swift; path = GeneratorFactoryReaderPresenter.swift; sourceTree = "<group>"; };
		CE6A59C12EFACE5F00F35488 /* HandlerFactoryPresenterActionListener.swift */ = {isa = PBXFileReference; lastKnownFileType = sourcecode.swift; path = HandlerFactoryPresenterActionListener.swift; sourceTree = "<group>"; };
		CE6A59C22EFACE5F00F35488 /* ListenerResolverManager.swift */ = {isa = PBXFileReference; lastKnownFileType = sourcecode.swift; path = ListenerResolverManager.swift; sourceTree = "<group>"; };
		CE6A59C32EFACE5F00F35488 /* LoaderMapperCoordinatorEngine.swift */ = {isa = PBXFileReference; lastKnownFileType = sourcecode.swift; path = LoaderMapperCoordinatorEngine.swift; sourceTree = "<group>"; };
		CE6A59C52EFACE5F00F35488 /* ActionStrategyConverter.swift */ = {isa = PBXFileReference; lastKnownFileType = sourcecode.swift; path = ActionStrategyConverter.swift; sourceTree = "<group>"; };
		CE6A59C62EFACE5F00F35488 /* InteractorExecutorQueueSaver.swift */ = {isa = PBXFileReference; lastKnownFileType = sourcecode.swift; path = InteractorExecutorQueueSaver.swift; sourceTree = "<group>"; };
		CE6A59C72EFACE5F00F35488 /* StoreManagerManager.swift */ = {isa = PBXFileReference; lastKnownFileType = sourcecode.swift; path = StoreManagerManager.swift; sourceTree = "<group>"; };
		CE6A59C82EFACE5F00F35488 /* StrategyExecutorInteractorManagerChecker.swift */ = {isa = PBXFileReference; lastKnownFileType = sourcecode.swift; path = StrategyExecutorInteractorManagerChecker.swift; sourceTree = "<group>"; };
		CE6A59CA2EFACE5F00F35488 /* RegistryStrategyObserverRunnerInteractor.swift */ = {isa = PBXFileReference; lastKnownFileType = sourcecode.swift; path = RegistryStrategyObserverRunnerInteractor.swift; sourceTree = "<group>"; };
		CE6A59CC2EFACE5F00F35488 /* BridgeResolverExecutorValidator.swift */ = {isa = PBXFileReference; lastKnownFileType = sourcecode.swift; path = BridgeResolverExecutorValidator.swift; sourceTree = "<group>"; };
		CE6A59CE2EFACE5F00F35488 /* ResolverLoaderPolicyGeneratorAdapter.swift */ = {isa = PBXFileReference; lastKnownFileType = sourcecode.swift; path = ResolverLoaderPolicyGeneratorAdapter.swift; sourceTree = "<group>"; };
		CE6A59D02EFACE5F00F35488 /* SaverConnectorMapperBridge.swift */ = {isa = PBXFileReference; lastKnownFileType = sourcecode.swift; path = SaverConnectorMapperBridge.swift; sourceTree = "<group>"; };
		CE6A59D12EFACE5F00F35488 /* UpdaterProcessorEngineGenerator.swift */ = {isa = PBXFileReference; lastKnownFileType = sourcecode.swift; path = UpdaterProcessorEngineGenerator.swift; sourceTree = "<group>"; };
		CE6A59D22EFACE5F00F35488 /* UpdaterSaverMapperView.swift */ = {isa = PBXFileReference; lastKnownFileType = sourcecode.swift; path = UpdaterSaverMapperView.swift; sourceTree = "<group>"; };
		CE6A59D42EFACE5F00F35488 /* HelperFactoryConverterSession.swift */ = {isa = PBXFileReference; lastKnownFileType = sourcecode.swift; path = HelperFactoryConverterSession.swift; sourceTree = "<group>"; };
		CE6A59D62EFACE5F00F35488 /* AdapterRepositoryServiceManager.swift */ = {isa = PBXFileReference; lastKnownFileType = sourcecode.swift; path = AdapterRepositoryServiceManager.swift; sourceTree = "<group>"; };
		CE6A59D72EFACE5F00F35488 /* ManagerQueueLoaderCache.swift */ = {isa = PBXFileReference; lastKnownFileType = sourcecode.swift; path = ManagerQueueLoaderCache.swift; sourceTree = "<group>"; };
		CE6A59D82EFACE5F00F35488 /* ValidatorFactoryCoordinatorDelegate.swift */ = {isa = PBXFileReference; lastKnownFileType = sourcecode.swift; path = ValidatorFactoryCoordinatorDelegate.swift; sourceTree = "<group>"; };
		CE7115342E6F0AB000BFCB5A /* AppTemplate.app */ = {isa = PBXFileReference; explicitFileType = wrapper.application; includeInIndex = 0; path = AppTemplate.app; sourceTree = BUILT_PRODUCTS_DIR; };
		CE7115A42E6F181600BFCB5A /* LaunchScreen.storyboard */ = {isa = PBXFileReference; lastKnownFileType = file.storyboard; name = LaunchScreen.storyboard; path = Base.lproj/LaunchScreen.storyboard; sourceTree = "<group>"; };
		CEF3187B2E72A659004E27D7 /* UserNotifications.framework */ = {isa = PBXFileReference; lastKnownFileType = wrapper.framework; name = UserNotifications.framework; path = System/Library/Frameworks/UserNotifications.framework; sourceTree = SDKROOT; };
/* End PBXFileReference section */

/* Begin PBXFileSystemSynchronizedRootGroup section */
		CE7115362E6F0AB000BFCB5A /* AppTemplate */ = {
			isa = PBXFileSystemSynchronizedRootGroup;
			path = AppTemplate;
			sourceTree = "<group>";
		};
/* End PBXFileSystemSynchronizedRootGroup section */

/* Begin PBXFrameworksBuildPhase section */
		CE7115312E6F0AB000BFCB5A /* Frameworks */ = {
			isa = PBXFrameworksBuildPhase;
			buildActionMask = 2147483647;
			files = (
			);
			runOnlyForDeploymentPostprocessing = 0;
		};
/* End PBXFrameworksBuildPhase section */

/* Begin PBXGroup section */
		CE6A59BC2EFACE5F00F35488 /* Assets */ = {
			isa = PBXGroup;
			children = (
				CE6A59B82EFACE5F00F35488 /* Assets.xcassets */,
				CE6A59B92EFACE5F00F35488 /* cinzel_bold.ttf */,
				CE6A59BA2EFACE5F00F35488 /* klick.wav */,
				CE6A59BB2EFACE5F00F35488 /* Maximalism.mp3 */,
			);
			path = Assets;
			sourceTree = "<group>";
		};
		CE6A59C42EFACE5F00F35488 /* GameScreen */ = {
			isa = PBXGroup;
			children = (
				CE6A59BD2EFACE5F00F35488 /* BridgeContextParserTaskParser.swift */,
				CE6A59BE2EFACE5F00F35488 /* CachePolicyUpdater.swift */,
				CE6A59BF2EFACE5F00F35488 /* ControllerServiceParser.swift */,
				CE6A59C02EFACE5F00F35488 /* GeneratorFactoryReaderPresenter.swift */,
				CE6A59C12EFACE5F00F35488 /* HandlerFactoryPresenterActionListener.swift */,
				CE6A59C22EFACE5F00F35488 /* ListenerResolverManager.swift */,
				CE6A59C32EFACE5F00F35488 /* LoaderMapperCoordinatorEngine.swift */,
			);
			path = GameScreen;
			sourceTree = "<group>";
		};
		CE6A59C92EFACE5F00F35488 /* Helpers */ = {
			isa = PBXGroup;
			children = (
				CE6A59C52EFACE5F00F35488 /* ActionStrategyConverter.swift */,
				CE6A59C62EFACE5F00F35488 /* InteractorExecutorQueueSaver.swift */,
				CE6A59C72EFACE5F00F35488 /* StoreManagerManager.swift */,
				CE6A59C82EFACE5F00F35488 /* StrategyExecutorInteractorManagerChecker.swift */,
			);
			path = Helpers;
			sourceTree = "<group>";
		};
		CE6A59CB2EFACE5F00F35488 /* MenuScreen */ = {
			isa = PBXGroup;
			children = (
				CE6A59CA2EFACE5F00F35488 /* RegistryStrategyObserverRunnerInteractor.swift */,
			);
			path = MenuScreen;
			sourceTree = "<group>";
		};
		CE6A59CD2EFACE5F00F35488 /* RulesScreen */ = {
			isa = PBXGroup;
			children = (
				CE6A59CC2EFACE5F00F35488 /* BridgeResolverExecutorValidator.swift */,
			);
			path = RulesScreen;
			sourceTree = "<group>";
		};
		CE6A59CF2EFACE5F00F35488 /* SettingsScren */ = {
			isa = PBXGroup;
			children = (
				CE6A59CE2EFACE5F00F35488 /* ResolverLoaderPolicyGeneratorAdapter.swift */,
			);
			path = SettingsScren;
			sourceTree = "<group>";
		};
		CE6A59D32EFACE5F00F35488 /* ShopScreen */ = {
			isa = PBXGroup;
			children = (
				CE6A59D02EFACE5F00F35488 /* SaverConnectorMapperBridge.swift */,
				CE6A59D12EFACE5F00F35488 /* UpdaterProcessorEngineGenerator.swift */,
				CE6A59D22EFACE5F00F35488 /* UpdaterSaverMapperView.swift */,
			);
			path = ShopScreen;
			sourceTree = "<group>";
		};
		CE6A59D52EFACE5F00F35488 /* SystemFile */ = {
			isa = PBXGroup;
			children = (
				CE6A59D42EFACE5F00F35488 /* HelperFactoryConverterSession.swift */,
			);
			path = SystemFile;
			sourceTree = "<group>";
		};
		CE6A59D92EFACE5F00F35488 /* Views */ = {
			isa = PBXGroup;
			children = (
				CE6A59D62EFACE5F00F35488 /* AdapterRepositoryServiceManager.swift */,
				CE6A59D72EFACE5F00F35488 /* ManagerQueueLoaderCache.swift */,
				CE6A59D82EFACE5F00F35488 /* ValidatorFactoryCoordinatorDelegate.swift */,
			);
			path = Views;
			sourceTree = "<group>";
		};
		CE6A59DA2EFACE5F00F35488 /* RedFox */ = {
			isa = PBXGroup;
			children = (
				CE6A59BC2EFACE5F00F35488 /* Assets */,
				CE6A59C42EFACE5F00F35488 /* GameScreen */,
				CE6A59C92EFACE5F00F35488 /* Helpers */,
				CE6A59CB2EFACE5F00F35488 /* MenuScreen */,
				CE6A59CD2EFACE5F00F35488 /* RulesScreen */,
				CE6A59CF2EFACE5F00F35488 /* SettingsScren */,
				CE6A59D32EFACE5F00F35488 /* ShopScreen */,
				CE6A59D52EFACE5F00F35488 /* SystemFile */,
				CE6A59D92EFACE5F00F35488 /* Views */,
			);
			path = RedFox;
			sourceTree = "<group>";
		};
		CE71152B2E6F0AB000BFCB5A = {
			isa = PBXGroup;
			children = (
				CE7115A52E6F181600BFCB5A /* LaunchScreen.storyboard */,
				CE7115362E6F0AB000BFCB5A /* AppTemplate */,
				CE7115352E6F0AB000BFCB5A /* Products */,
				CEF3187A2E72A659004E27D7 /* Frameworks */,
				CE6A59DA2EFACE5F00F35488 /* RedFox */,
			);
			sourceTree = "<group>";
		};
		CE7115352E6F0AB000BFCB5A /* Products */ = {
			isa = PBXGroup;
			children = (
				CE7115342E6F0AB000BFCB5A /* AppTemplate.app */,
			);
			name = Products;
			sourceTree = "<group>";
		};
		CEF3187A2E72A659004E27D7 /* Frameworks */ = {
			isa = PBXGroup;
			children = (
				CEF3187B2E72A659004E27D7 /* UserNotifications.framework */,
			);
			name = Frameworks;
			sourceTree = "<group>";
		};
/* End PBXGroup section */

/* Begin PBXNativeTarget section */
		CE7115332E6F0AB000BFCB5A /* AppTemplate */ = {
			isa = PBXNativeTarget;
			buildConfigurationList = CE71154B2E6F0AB400BFCB5A /* Build configuration list for PBXNativeTarget "AppTemplate" */;
			buildPhases = (
				CE7115302E6F0AB000BFCB5A /* Sources */,
				CE7115312E6F0AB000BFCB5A /* Frameworks */,
				CE7115322E6F0AB000BFCB5A /* Resources */,
				CE71156C2E6F168000BFCB5A /* Embed Foundation Extensions */,
			);
			buildRules = (
			);
			dependencies = (
			);
			fileSystemSynchronizedGroups = (
				CE7115362E6F0AB000BFCB5A /* AppTemplate */,
			);
			name = AppTemplate;
			packageProductDependencies = (
			);
			productName = AppTemplate;
			productReference = CE7115342E6F0AB000BFCB5A /* AppTemplate.app */;
			productType = "com.apple.product-type.application";
		};
/* End PBXNativeTarget section */

/* Begin PBXProject section */
		CE71152C2E6F0AB000BFCB5A /* Project object */ = {
			isa = PBXProject;
			attributes = {
				BuildIndependentTargetsInParallel = 1;
				LastSwiftUpdateCheck = 1640;
				LastUpgradeCheck = 1640;
				TargetAttributes = {
					CE7115332E6F0AB000BFCB5A = {
						CreatedOnToolsVersion = 16.4;
					};
				};
			};
			buildConfigurationList = CE71152F2E6F0AB000BFCB5A /* Build configuration list for PBXProject "AppTemplate" */;
			developmentRegion = en;
			hasScannedForEncodings = 0;
			knownRegions = (
				en,
				Base,
			);
			mainGroup = CE71152B2E6F0AB000BFCB5A;
			minimizedProjectReferenceProxies = 1;
			packageReferences = (
			);
			preferredProjectObjectVersion = 77;
			productRefGroup = CE7115352E6F0AB000BFCB5A /* Products */;
			projectDirPath = "";
			projectRoot = "";
			targets = (
				CE7115332E6F0AB000BFCB5A /* AppTemplate */,
			);
		};
/* End PBXProject section */

/* Begin PBXResourcesBuildPhase section */
		CE7115322E6F0AB000BFCB5A /* Resources */ = {
			isa = PBXResourcesBuildPhase;
			buildActionMask = 2147483647;
			files = (
				CE7115A62E6F181600BFCB5A /* LaunchScreen.storyboard in Resources */,
				CE6A59DB2EFACE5F00F35488 /* Maximalism.mp3 in Resources */,
				CE6A59DC2EFACE5F00F35488 /* cinzel_bold.ttf in Resources */,
				CE6A59DD2EFACE5F00F35488 /* klick.wav in Resources */,
				CE6A59DE2EFACE5F00F35488 /* Assets.xcassets in Resources */,
			);
			runOnlyForDeploymentPostprocessing = 0;
		};
/* End PBXResourcesBuildPhase section */

/* Begin PBXSourcesBuildPhase section */
		CE7115302E6F0AB000BFCB5A /* Sources */ = {
			isa = PBXSourcesBuildPhase;
			buildActionMask = 2147483647;
			files = (
				CE6A59DF2EFACE5F00F35488 /* BridgeContextParserTaskParser.swift in Sources */,
				CE6A59E02EFACE5F00F35488 /* CachePolicyUpdater.swift in Sources */,
				CE6A59E12EFACE5F00F35488 /* HandlerFactoryPresenterActionListener.swift in Sources */,
				CE6A59E22EFACE5F00F35488 /* ManagerQueueLoaderCache.swift in Sources */,
				CE6A59E32EFACE5F00F35488 /* ControllerServiceParser.swift in Sources */,
				CE6A59E42EFACE5F00F35488 /* HelperFactoryConverterSession.swift in Sources */,
				CE6A59E52EFACE5F00F35488 /* InteractorExecutorQueueSaver.swift in Sources */,
				CE6A59E62EFACE5F00F35488 /* GeneratorFactoryReaderPresenter.swift in Sources */,
				CE6A59E72EFACE5F00F35488 /* StoreManagerManager.swift in Sources */,
				CE6A59E82EFACE5F00F35488 /* ActionStrategyConverter.swift in Sources */,
				CE6A59E92EFACE5F00F35488 /* SaverConnectorMapperBridge.swift in Sources */,
				CE6A59EA2EFACE5F00F35488 /* UpdaterProcessorEngineGenerator.swift in Sources */,
				CE6A59EB2EFACE5F00F35488 /* ValidatorFactoryCoordinatorDelegate.swift in Sources */,
				CE6A59EC2EFACE5F00F35488 /* UpdaterSaverMapperView.swift in Sources */,
				CE6A59ED2EFACE5F00F35488 /* RegistryStrategyObserverRunnerInteractor.swift in Sources */,
				CE6A59EE2EFACE5F00F35488 /* ListenerResolverManager.swift in Sources */,
				CE6A59EF2EFACE5F00F35488 /* AdapterRepositoryServiceManager.swift in Sources */,
				CE6A59F02EFACE5F00F35488 /* StrategyExecutorInteractorManagerChecker.swift in Sources */,
				CE6A59F12EFACE5F00F35488 /* ResolverLoaderPolicyGeneratorAdapter.swift in Sources */,
				CE6A59F22EFACE5F00F35488 /* BridgeResolverExecutorValidator.swift in Sources */,
				CE6A59F32EFACE5F00F35488 /* LoaderMapperCoordinatorEngine.swift in Sources */,
			);
			runOnlyForDeploymentPostprocessing = 0;
		};
/* End PBXSourcesBuildPhase section */

/* Begin PBXVariantGroup section */
		CE7115A52E6F181600BFCB5A /* LaunchScreen.storyboard */ = {
			isa = PBXVariantGroup;
			children = (
				CE7115A42E6F181600BFCB5A /* LaunchScreen.storyboard */,
			);
			name = LaunchScreen.storyboard;
			sourceTree = "<group>";
		};
/* End PBXVariantGroup section */

/* Begin XCBuildConfiguration section */
		CE7115492E6F0AB400BFCB5A /* Debug */ = {
			isa = XCBuildConfiguration;
			buildSettings = {
				ALWAYS_SEARCH_USER_PATHS = NO;
				ASSETCATALOG_COMPILER_GENERATE_SWIFT_ASSET_SYMBOL_EXTENSIONS = YES;
				CLANG_ANALYZER_NONNULL = YES;
				CLANG_ANALYZER_NUMBER_OBJECT_CONVERSION = YES_AGGRESSIVE;
				CLANG_CXX_LANGUAGE_STANDARD = "gnu++20";
				CLANG_ENABLE_MODULES = YES;
				CLANG_ENABLE_OBJC_ARC = YES;
				CLANG_ENABLE_OBJC_WEAK = YES;
				CLANG_WARN_BLOCK_CAPTURE_AUTORELEASING = YES;
				CLANG_WARN_BOOL_CONVERSION = YES;
				CLANG_WARN_COMMA = YES;
				CLANG_WARN_CONSTANT_CONVERSION = YES;
				CLANG_WARN_DEPRECATED_OBJC_IMPLEMENTATIONS = YES;
				CLANG_WARN_DIRECT_OBJC_ISA_USAGE = YES_ERROR;
				CLANG_WARN_DOCUMENTATION_COMMENTS = YES;
				CLANG_WARN_EMPTY_BODY = YES;
				CLANG_WARN_ENUM_CONVERSION = YES;
				CLANG_WARN_INFINITE_RECURSION = YES;
				CLANG_WARN_INT_CONVERSION = YES;
				CLANG_WARN_NON_LITERAL_NULL_CONVERSION = YES;
				CLANG_WARN_OBJC_IMPLICIT_RETAIN_SELF = YES;
				CLANG_WARN_OBJC_LITERAL_CONVERSION = YES;
				CLANG_WARN_OBJC_ROOT_CLASS = YES_ERROR;
				CLANG_WARN_QUOTED_INCLUDE_IN_FRAMEWORK_HEADER = YES;
				CLANG_WARN_RANGE_LOOP_ANALYSIS = YES;
				CLANG_WARN_STRICT_PROTOTYPES = YES;
				CLANG_WARN_SUSPICIOUS_MOVE = YES;
				CLANG_WARN_UNGUARDED_AVAILABILITY = YES_AGGRESSIVE;
				CLANG_WARN_UNREACHABLE_CODE = YES;
				CLANG_WARN__DUPLICATE_METHOD_MATCH = YES;
				CODE_SIGN_ENTITLEMENTS = /Users/user/Documents/Sources/AppTemplate/Entitlements.entitlements;
				COPY_PHASE_STRIP = NO;
				DEBUG_INFORMATION_FORMAT = dwarf;
				ENABLE_STRICT_OBJC_MSGSEND = YES;
				ENABLE_TESTABILITY = YES;
				ENABLE_USER_SCRIPT_SANDBOXING = YES;
				GCC_C_LANGUAGE_STANDARD = gnu17;
				GCC_DYNAMIC_NO_PIC = NO;
				GCC_NO_COMMON_BLOCKS = YES;
				GCC_OPTIMIZATION_LEVEL = 0;
				GCC_PREPROCESSOR_DEFINITIONS = (
					"DEBUG=1",
					"$(inherited)",
				);
				GCC_WARN_64_TO_32_BIT_CONVERSION = YES;
				GCC_WARN_ABOUT_RETURN_TYPE = YES_ERROR;
				GCC_WARN_UNDECLARED_SELECTOR = YES;
				GCC_WARN_UNINITIALIZED_AUTOS = YES_AGGRESSIVE;
				GCC_WARN_UNUSED_FUNCTION = YES;
				GCC_WARN_UNUSED_VARIABLE = YES;
				IPHONEOS_DEPLOYMENT_TARGET = 18.5;
				LOCALIZATION_PREFERS_STRING_CATALOGS = YES;
				MTL_ENABLE_DEBUG_INFO = INCLUDE_SOURCE;
				MTL_FAST_MATH = YES;
				ONLY_ACTIVE_ARCH = YES;
				SDKROOT = iphoneos;
				SWIFT_ACTIVE_COMPILATION_CONDITIONS = "DEBUG $(inherited)";
				SWIFT_OPTIMIZATION_LEVEL = "-Onone";
			};
			name = Debug;
		};
		CE71154A2E6F0AB400BFCB5A /* Release */ = {
			isa = XCBuildConfiguration;
			buildSettings = {
				ALWAYS_SEARCH_USER_PATHS = NO;
				ASSETCATALOG_COMPILER_GENERATE_SWIFT_ASSET_SYMBOL_EXTENSIONS = YES;
				CLANG_ANALYZER_NONNULL = YES;
				CLANG_ANALYZER_NUMBER_OBJECT_CONVERSION = YES_AGGRESSIVE;
				CLANG_CXX_LANGUAGE_STANDARD = "gnu++20";
				CLANG_ENABLE_MODULES = YES;
				CLANG_ENABLE_OBJC_ARC = YES;
				CLANG_ENABLE_OBJC_WEAK = YES;
				CLANG_WARN_BLOCK_CAPTURE_AUTORELEASING = YES;
				CLANG_WARN_BOOL_CONVERSION = YES;
				CLANG_WARN_COMMA = YES;
				CLANG_WARN_CONSTANT_CONVERSION = YES;
				CLANG_WARN_DEPRECATED_OBJC_IMPLEMENTATIONS = YES;
				CLANG_WARN_DIRECT_OBJC_ISA_USAGE = YES_ERROR;
				CLANG_WARN_DOCUMENTATION_COMMENTS = YES;
				CLANG_WARN_EMPTY_BODY = YES;
				CLANG_WARN_ENUM_CONVERSION = YES;
				CLANG_WARN_INFINITE_RECURSION = YES;
				CLANG_WARN_INT_CONVERSION = YES;
				CLANG_WARN_NON_LITERAL_NULL_CONVERSION = YES;
				CLANG_WARN_OBJC_IMPLICIT_RETAIN_SELF = YES;
				CLANG_WARN_OBJC_LITERAL_CONVERSION = YES;
				CLANG_WARN_OBJC_ROOT_CLASS = YES_ERROR;
				CLANG_WARN_QUOTED_INCLUDE_IN_FRAMEWORK_HEADER = YES;
				CLANG_WARN_RANGE_LOOP_ANALYSIS = YES;
				CLANG_WARN_STRICT_PROTOTYPES = YES;
				CLANG_WARN_SUSPICIOUS_MOVE = YES;
				CLANG_WARN_UNGUARDED_AVAILABILITY = YES_AGGRESSIVE;
				CLANG_WARN_UNREACHABLE_CODE = YES;
				CLANG_WARN__DUPLICATE_METHOD_MATCH = YES;
				CODE_SIGN_ENTITLEMENTS = /Users/user/Documents/Sources/AppTemplate/Entitlements.entitlements;
				COPY_PHASE_STRIP = NO;
				DEBUG_INFORMATION_FORMAT = "dwarf-with-dsym";
				ENABLE_NS_ASSERTIONS = NO;
				ENABLE_STRICT_OBJC_MSGSEND = YES;
				ENABLE_USER_SCRIPT_SANDBOXING = YES;
				GCC_C_LANGUAGE_STANDARD = gnu17;
				GCC_NO_COMMON_BLOCKS = YES;
				GCC_WARN_64_TO_32_BIT_CONVERSION = YES;
				GCC_WARN_ABOUT_RETURN_TYPE = YES_ERROR;
				GCC_WARN_UNDECLARED_SELECTOR = YES;
				GCC_WARN_UNINITIALIZED_AUTOS = YES_AGGRESSIVE;
				GCC_WARN_UNUSED_FUNCTION = YES;
				GCC_WARN_UNUSED_VARIABLE = YES;
				IPHONEOS_DEPLOYMENT_TARGET = 18.5;
				LOCALIZATION_PREFERS_STRING_CATALOGS = YES;
				MTL_ENABLE_DEBUG_INFO = NO;
				MTL_FAST_MATH = YES;
				SDKROOT = iphoneos;
				SWIFT_COMPILATION_MODE = wholemodule;
				VALIDATE_PRODUCT = YES;
			};
			name = Release;
		};
		CE71154C2E6F0AB400BFCB5A /* Debug */ = {
			isa = XCBuildConfiguration;
			buildSettings = {
				ASSETCATALOG_COMPILER_APPICON_NAME = AppIcon;
				ASSETCATALOG_COMPILER_GLOBAL_ACCENT_COLOR_NAME = AccentColor;
				CODE_SIGN_ENTITLEMENTS = Entitlements.entitlements;
				CODE_SIGN_STYLE = Automatic;
				CURRENT_PROJECT_VERSION = 1;
				DEVELOPMENT_TEAM = TZCUKDMG3L;
				GENERATE_INFOPLIST_FILE = YES;
				INFOPLIST_FILE = Info.plist;
				INFOPLIST_KEY_CFBundleDisplayName = "Moro Blast Heroes";
				INFOPLIST_KEY_UIApplicationSupportsIndirectInputEvents = YES;
				INFOPLIST_KEY_UILaunchStoryboardName = LaunchScreen;
				INFOPLIST_KEY_UIMainStoryboardFile = LaunchScreen;
				INFOPLIST_KEY_UIStatusBarHidden = YES;
				INFOPLIST_KEY_UISupportedInterfaceOrientations = "UIInterfaceOrientationLandscapeLeft UIInterfaceOrientationLandscapeRight UIInterfaceOrientationPortrait UIInterfaceOrientationPortraitUpsideDown";
				IPHONEOS_DEPLOYMENT_TARGET = 17;
				LD_RUNPATH_SEARCH_PATHS = (
					"$(inherited)",
					"@executable_path/Frameworks",
				);
				MARKETING_VERSION = 1.0;
				PRODUCT_BUNDLE_IDENTIFIER = com.morblast.hero;
				PRODUCT_NAME = "$(TARGET_NAME)";
				SUPPORTED_PLATFORMS = "iphoneos iphonesimulator";
				SUPPORTS_MACCATALYST = NO;
				SUPPORTS_MAC_DESIGNED_FOR_IPHONE_IPAD = NO;
				SUPPORTS_XR_DESIGNED_FOR_IPHONE_IPAD = NO;
				SWIFT_EMIT_LOC_STRINGS = YES;
				SWIFT_VERSION = 5.0;
				TARGETED_DEVICE_FAMILY = 1;
			};
			name = Debug;
		};
		CE71154D2E6F0AB400BFCB5A /* Release */ = {
			isa = XCBuildConfiguration;
			buildSettings = {
				ASSETCATALOG_COMPILER_APPICON_NAME = AppIcon;
				ASSETCATALOG_COMPILER_GLOBAL_ACCENT_COLOR_NAME = AccentColor;
				CODE_SIGN_ENTITLEMENTS = Entitlements.entitlements;
				CODE_SIGN_STYLE = Automatic;
				CURRENT_PROJECT_VERSION = 1;
				DEVELOPMENT_TEAM = TZCUKDMG3L;
				GENERATE_INFOPLIST_FILE = YES;
				INFOPLIST_FILE = Info.plist;
				INFOPLIST_KEY_CFBundleDisplayName = "Moro Blast Heroes";
				INFOPLIST_KEY_UIApplicationSupportsIndirectInputEvents = YES;
				INFOPLIST_KEY_UILaunchStoryboardName = LaunchScreen;
				INFOPLIST_KEY_UIMainStoryboardFile = LaunchScreen;
				INFOPLIST_KEY_UIStatusBarHidden = YES;
				INFOPLIST_KEY_UISupportedInterfaceOrientations = "UIInterfaceOrientationLandscapeLeft UIInterfaceOrientationLandscapeRight UIInterfaceOrientationPortrait UIInterfaceOrientationPortraitUpsideDown";
				IPHONEOS_DEPLOYMENT_TARGET = 17;
				LD_RUNPATH_SEARCH_PATHS = (
					"$(inherited)",
					"@executable_path/Frameworks",
				);
				MARKETING_VERSION = 1.0;
				PRODUCT_BUNDLE_IDENTIFIER = com.morblast.hero;
				PRODUCT_NAME = "$(TARGET_NAME)";
				SUPPORTED_PLATFORMS = "iphoneos iphonesimulator";
				SUPPORTS_MACCATALYST = NO;
				SUPPORTS_MAC_DESIGNED_FOR_IPHONE_IPAD = NO;
				SUPPORTS_XR_DESIGNED_FOR_IPHONE_IPAD = NO;
				SWIFT_EMIT_LOC_STRINGS = YES;
				SWIFT_VERSION = 5.0;
				TARGETED_DEVICE_FAMILY = 1;
			};
			name = Release;
		};
/* End XCBuildConfiguration section */

/* Begin XCConfigurationList section */
		CE71152F2E6F0AB000BFCB5A /* Build configuration list for PBXProject "AppTemplate" */ = {
			isa = XCConfigurationList;
			buildConfigurations = (
				CE7115492E6F0AB400BFCB5A /* Debug */,
				CE71154A2E6F0AB400BFCB5A /* Release */,
			);
			defaultConfigurationIsVisible = 0;
			defaultConfigurationName = Release;
		};
		CE71154B2E6F0AB400BFCB5A /* Build configuration list for PBXNativeTarget "AppTemplate" */ = {
			isa = XCConfigurationList;
			buildConfigurations = (
				CE71154C2E6F0AB400BFCB5A /* Debug */,
				CE71154D2E6F0AB400BFCB5A /* Release */,
			);
			defaultConfigurationIsVisible = 0;
			defaultConfigurationName = Release;
		};
/* End XCConfigurationList section */
	};
	rootObject = CE71152C2E6F0AB000BFCB5A /* Project object */;
}
